
Microsoft Visual Studio Solution File, Format Version 12.00
# Visual Studio Version 16
VisualStudioVersion = 16.0.32106.194
MinimumVisualStudioVersion = 10.0.40219.1
Project("{FAE04EC0-301F-11D3-BF4B-00C04F79EFBC}") = "RevitAPITrainingUI", "RevitAPITrainingUI\RevitAPITrainingUI.csproj", "{F60614E6-B7BF-4BDF-B2B4-0136EC49F5C0}"
EndProject
Project("{FAE04EC0-301F-11D3-BF4B-00C04F79EFBC}") = "RevitAPITrainingLibrary", "..\RevitAPITrainingLibrary\RevitAPITrainingLibrary.csproj", "{76CD1326-267F-4070-9072-B48079EE18AE}"
EndProject
Global
	GlobalSection(SolutionConfigurationPlatforms) = preSolution
		Debug|Any CPU = Debug|Any CPU
		Release|Any CPU = Release|Any CPU
	EndGlobalSection
	GlobalSection(ProjectConfigurationPlatforms) = postSolution
		{F60614E6-B7BF-4BDF-B2B4-0136EC49F5C0}.Debug|Any CPU.ActiveCfg = Debug|Any CPU
		{F60614E6-B7BF-4BDF-B2B4-0136EC49F5C0}.Debug|Any CPU.Build.0 = Debug|Any CPU
		{F60614E6-B7BF-4BDF-B2B4-0136EC49F5C0}.Release|Any CPU.ActiveCfg = Release|Any CPU
		{F60614E6-B7BF-4BDF-B2B4-0136EC49F5C0}.Release|Any CPU.Build.0 = Release|Any CPU
		{76CD1326-267F-4070-9072-B48079EE18AE}.Debug|Any CPU.ActiveCfg = Debug|Any CPU
		{76CD1326-267F-4070-9072-B48079EE18AE}.Debug|Any CPU.Build.0 = Debug|Any CPU
		{76CD1326-267F-4070-9072-B48079EE18AE}.Release|Any CPU.ActiveCfg = Release|Any CPU
		{76CD1326-267F-4070-9072-B48079EE18AE}.Release|Any CPU.Build.0 = Release|Any CPU
	EndGlobalSection
	GlobalSection(SolutionProperties) = preSolution
		HideSolutionNode = FALSE
	EndGlobalSection
	GlobalSection(ExtensibilityGlobals) = postSolution
		SolutionGuid = {7289E1CE-08C5-4989-B631-C060BFA76A2C}
	EndGlobalSection
EndGlobal
